
Microsoft Visual Studio Solution File, Format Version 12.00
# Visual Studio 2013
VisualStudioVersion = 12.0.31101.0
MinimumVisualStudioVersion = 10.0.40219.1
Project("{FAE04EC0-301F-11D3-BF4B-00C04F79EFBC}") = "Shared.Droid", "Shared\Shared.Droid\Shared.Droid.csproj", "{C4192193-7793-4FAC-9584-C707F7184D93}"
EndProject
Project("{FAE04EC0-301F-11D3-BF4B-00C04F79EFBC}") = "Shared.iOS", "Shared\Shared.iOS\Shared.iOS.csproj", "{C1E64427-CE96-4C7B-BF45-C88E0E54422F}"
EndProject
Project("{FAE04EC0-301F-11D3-BF4B-00C04F79EFBC}") = "Shared.WinPhone", "Shared\Shared.WinPhone\Shared.WinPhone.csproj", "{9227ACC0-B6C5-4E24-B5FE-4A2FC25C9033}"
EndProject
Project("{FAE04EC0-301F-11D3-BF4B-00C04F79EFBC}") = "Shared", "Shared\Shared\Shared.csproj", "{C2F46866-8FBE-45EA-8FE5-874F7128CBE4}"
EndProject
Global
	GlobalSection(SolutionConfigurationPlatforms) = preSolution
		AppStore|Any CPU = AppStore|Any CPU
		AppStore|ARM = AppStore|ARM
		AppStore|iPhone = AppStore|iPhone
		AppStore|iPhoneSimulator = AppStore|iPhoneSimulator
		AppStore|Mixed Platforms = AppStore|Mixed Platforms
		AppStore|x86 = AppStore|x86
		Debug|Any CPU = Debug|Any CPU
		Debug|ARM = Debug|ARM
		Debug|iPhone = Debug|iPhone
		Debug|iPhoneSimulator = Debug|iPhoneSimulator
		Debug|Mixed Platforms = Debug|Mixed Platforms
		Debug|x86 = Debug|x86
		Release|Any CPU = Release|Any CPU
		Release|ARM = Release|ARM
		Release|iPhone = Release|iPhone
		Release|iPhoneSimulator = Release|iPhoneSimulator
		Release|Mixed Platforms = Release|Mixed Platforms
		Release|x86 = Release|x86
	EndGlobalSection
	GlobalSection(ProjectConfigurationPlatforms) = postSolution
		{C4192193-7793-4FAC-9584-C707F7184D93}.AppStore|Any CPU.ActiveCfg = Release|Any CPU
		{C4192193-7793-4FAC-9584-C707F7184D93}.AppStore|Any CPU.Build.0 = Release|Any CPU
		{C4192193-7793-4FAC-9584-C707F7184D93}.AppStore|Any CPU.Deploy.0 = Release|Any CPU
		{C4192193-7793-4FAC-9584-C707F7184D93}.AppStore|ARM.ActiveCfg = Release|Any CPU
		{C4192193-7793-4FAC-9584-C707F7184D93}.AppStore|iPhone.ActiveCfg = Release|Any CPU
		{C4192193-7793-4FAC-9584-C707F7184D93}.AppStore|iPhoneSimulator.ActiveCfg = Release|Any CPU
		{C4192193-7793-4FAC-9584-C707F7184D93}.AppStore|Mixed Platforms.ActiveCfg = Release|Any CPU
		{C4192193-7793-4FAC-9584-C707F7184D93}.AppStore|Mixed Platforms.Build.0 = Release|Any CPU
		{C4192193-7793-4FAC-9584-C707F7184D93}.AppStore|Mixed Platforms.Deploy.0 = Release|Any CPU
		{C4192193-7793-4FAC-9584-C707F7184D93}.AppStore|x86.ActiveCfg = Release|Any CPU
		{C4192193-7793-4FAC-9584-C707F7184D93}.Debug|Any CPU.ActiveCfg = Debug|Any CPU
		{C4192193-7793-4FAC-9584-C707F7184D93}.Debug|Any CPU.Build.0 = Debug|Any CPU
		{C4192193-7793-4FAC-9584-C707F7184D93}.Debug|Any CPU.Deploy.0 = Debug|Any CPU
		{C4192193-7793-4FAC-9584-C707F7184D93}.Debug|ARM.ActiveCfg = Debug|Any CPU
		{C4192193-7793-4FAC-9584-C707F7184D93}.Debug|iPhone.ActiveCfg = Debug|Any CPU
		{C4192193-7793-4FAC-9584-C707F7184D93}.Debug|iPhoneSimulator.ActiveCfg = Debug|Any CPU
		{C4192193-7793-4FAC-9584-C707F7184D93}.Debug|Mixed Platforms.ActiveCfg = Debug|Any CPU
		{C4192193-7793-4FAC-9584-C707F7184D93}.Debug|Mixed Platforms.Build.0 = Debug|Any CPU
		{C4192193-7793-4FAC-9584-C707F7184D93}.Debug|Mixed Platforms.Deploy.0 = Debug|Any CPU
		{C4192193-7793-4FAC-9584-C707F7184D93}.Debug|x86.ActiveCfg = Debug|Any CPU
		{C4192193-7793-4FAC-9584-C707F7184D93}.Release|Any CPU.ActiveCfg = Release|Any CPU
		{C4192193-7793-4FAC-9584-C707F7184D93}.Release|Any CPU.Build.0 = Release|Any CPU
		{C4192193-7793-4FAC-9584-C707F7184D93}.Release|Any CPU.Deploy.0 = Release|Any CPU
		{C4192193-7793-4FAC-9584-C707F7184D93}.Release|ARM.ActiveCfg = Release|Any CPU
		{C4192193-7793-4FAC-9584-C707F7184D93}.Release|iPhone.ActiveCfg = Release|Any CPU
		{C4192193-7793-4FAC-9584-C707F7184D93}.Release|iPhoneSimulator.ActiveCfg = Release|Any CPU
		{C4192193-7793-4FAC-9584-C707F7184D93}.Release|Mixed Platforms.ActiveCfg = Release|Any CPU
		{C4192193-7793-4FAC-9584-C707F7184D93}.Release|Mixed Platforms.Build.0 = Release|Any CPU
		{C4192193-7793-4FAC-9584-C707F7184D93}.Release|Mixed Platforms.Deploy.0 = Release|Any CPU
		{C4192193-7793-4FAC-9584-C707F7184D93}.Release|x86.ActiveCfg = Release|Any CPU
		{C1E64427-CE96-4C7B-BF45-C88E0E54422F}.AppStore|Any CPU.ActiveCfg = AppStore|iPhone
		{C1E64427-CE96-4C7B-BF45-C88E0E54422F}.AppStore|ARM.ActiveCfg = AppStore|iPhone
		{C1E64427-CE96-4C7B-BF45-C88E0E54422F}.AppStore|iPhone.ActiveCfg = AppStore|iPhone
		{C1E64427-CE96-4C7B-BF45-C88E0E54422F}.AppStore|iPhone.Build.0 = AppStore|iPhone
		{C1E64427-CE96-4C7B-BF45-C88E0E54422F}.AppStore|iPhoneSimulator.ActiveCfg = AppStore|iPhoneSimulator
		{C1E64427-CE96-4C7B-BF45-C88E0E54422F}.AppStore|iPhoneSimulator.Build.0 = AppStore|iPhoneSimulator
		{C1E64427-CE96-4C7B-BF45-C88E0E54422F}.AppStore|Mixed Platforms.ActiveCfg = AppStore|iPhone
		{C1E64427-CE96-4C7B-BF45-C88E0E54422F}.AppStore|Mixed Platforms.Build.0 = AppStore|iPhone
		{C1E64427-CE96-4C7B-BF45-C88E0E54422F}.AppStore|x86.ActiveCfg = AppStore|iPhone
		{C1E64427-CE96-4C7B-BF45-C88E0E54422F}.Debug|Any CPU.ActiveCfg = Debug|iPhone
		{C1E64427-CE96-4C7B-BF45-C88E0E54422F}.Debug|ARM.ActiveCfg = Debug|iPhone
		{C1E64427-CE96-4C7B-BF45-C88E0E54422F}.Debug|iPhone.ActiveCfg = Debug|iPhone
		{C1E64427-CE96-4C7B-BF45-C88E0E54422F}.Debug|iPhone.Build.0 = Debug|iPhone
		{C1E64427-CE96-4C7B-BF45-C88E0E54422F}.Debug|iPhoneSimulator.ActiveCfg = Debug|iPhoneSimulator
		{C1E64427-CE96-4C7B-BF45-C88E0E54422F}.Debug|iPhoneSimulator.Build.0 = Debug|iPhoneSimulator
		{C1E64427-CE96-4C7B-BF45-C88E0E54422F}.Debug|Mixed Platforms.ActiveCfg = Debug|iPhone
		{C1E64427-CE96-4C7B-BF45-C88E0E54422F}.Debug|Mixed Platforms.Build.0 = Debug|iPhone
		{C1E64427-CE96-4C7B-BF45-C88E0E54422F}.Debug|x86.ActiveCfg = Debug|iPhone
		{C1E64427-CE96-4C7B-BF45-C88E0E54422F}.Release|Any CPU.ActiveCfg = Release|iPhone
		{C1E64427-CE96-4C7B-BF45-C88E0E54422F}.Release|ARM.ActiveCfg = Release|iPhone
		{C1E64427-CE96-4C7B-BF45-C88E0E54422F}.Release|iPhone.ActiveCfg = Release|iPhone
		{C1E64427-CE96-4C7B-BF45-C88E0E54422F}.Release|iPhone.Build.0 = Release|iPhone
		{C1E64427-CE96-4C7B-BF45-C88E0E54422F}.Release|iPhoneSimulator.ActiveCfg = Release|iPhoneSimulator
		{C1E64427-CE96-4C7B-BF45-C88E0E54422F}.Release|iPhoneSimulator.Build.0 = Release|iPhoneSimulator
		{C1E64427-CE96-4C7B-BF45-C88E0E54422F}.Release|Mixed Platforms.ActiveCfg = Release|iPhone
		{C1E64427-CE96-4C7B-BF45-C88E0E54422F}.Release|Mixed Platforms.Build.0 = Release|iPhone
		{C1E64427-CE96-4C7B-BF45-C88E0E54422F}.Release|x86.ActiveCfg = Release|iPhone
		{9227ACC0-B6C5-4E24-B5FE-4A2FC25C9033}.AppStore|Any CPU.ActiveCfg = Release|Any CPU
		{9227ACC0-B6C5-4E24-B5FE-4A2FC25C9033}.AppStore|Any CPU.Build.0 = Release|Any CPU
		{9227ACC0-B6C5-4E24-B5FE-4A2FC25C9033}.AppStore|Any CPU.Deploy.0 = Release|Any CPU
		{9227ACC0-B6C5-4E24-B5FE-4A2FC25C9033}.AppStore|ARM.ActiveCfg = Release|ARM
		{9227ACC0-B6C5-4E24-B5FE-4A2FC25C9033}.AppStore|ARM.Build.0 = Release|ARM
		{9227ACC0-B6C5-4E24-B5FE-4A2FC25C9033}.AppStore|ARM.Deploy.0 = Release|ARM
		{9227ACC0-B6C5-4E24-B5FE-4A2FC25C9033}.AppStore|iPhone.ActiveCfg = Release|Any CPU
		{9227ACC0-B6C5-4E24-B5FE-4A2FC25C9033}.AppStore|iPhoneSimulator.ActiveCfg = Release|Any CPU
		{9227ACC0-B6C5-4E24-B5FE-4A2FC25C9033}.AppStore|Mixed Platforms.ActiveCfg = Release|x86
		{9227ACC0-B6C5-4E24-B5FE-4A2FC25C9033}.AppStore|Mixed Platforms.Build.0 = Release|x86
		{9227ACC0-B6C5-4E24-B5FE-4A2FC25C9033}.AppStore|Mixed Platforms.Deploy.0 = Release|x86
		{9227ACC0-B6C5-4E24-B5FE-4A2FC25C9033}.AppStore|x86.ActiveCfg = Release|x86
		{9227ACC0-B6C5-4E24-B5FE-4A2FC25C9033}.AppStore|x86.Build.0 = Release|x86
		{9227ACC0-B6C5-4E24-B5FE-4A2FC25C9033}.AppStore|x86.Deploy.0 = Release|x86
		{9227ACC0-B6C5-4E24-B5FE-4A2FC25C9033}.Debug|Any CPU.ActiveCfg = Debug|Any CPU
		{9227ACC0-B6C5-4E24-B5FE-4A2FC25C9033}.Debug|Any CPU.Build.0 = Debug|Any CPU
		{9227ACC0-B6C5-4E24-B5FE-4A2FC25C9033}.Debug|Any CPU.Deploy.0 = Debug|Any CPU
		{9227ACC0-B6C5-4E24-B5FE-4A2FC25C9033}.Debug|ARM.ActiveCfg = Debug|ARM
		{9227ACC0-B6C5-4E24-B5FE-4A2FC25C9033}.Debug|ARM.Build.0 = Debug|ARM
		{9227ACC0-B6C5-4E24-B5FE-4A2FC25C9033}.Debug|ARM.Deploy.0 = Debug|ARM
		{9227ACC0-B6C5-4E24-B5FE-4A2FC25C9033}.Debug|iPhone.ActiveCfg = Debug|Any CPU
		{9227ACC0-B6C5-4E24-B5FE-4A2FC25C9033}.Debug|iPhoneSimulator.ActiveCfg = Debug|Any CPU
		{9227ACC0-B6C5-4E24-B5FE-4A2FC25C9033}.Debug|Mixed Platforms.ActiveCfg = Debug|x86
		{9227ACC0-B6C5-4E24-B5FE-4A2FC25C9033}.Debug|Mixed Platforms.Build.0 = Debug|x86
		{9227ACC0-B6C5-4E24-B5FE-4A2FC25C9033}.Debug|Mixed Platforms.Deploy.0 = Debug|x86
		{9227ACC0-B6C5-4E24-B5FE-4A2FC25C9033}.Debug|x86.ActiveCfg = Debug|x86
		{9227ACC0-B6C5-4E24-B5FE-4A2FC25C9033}.Debug|x86.Build.0 = Debug|x86
		{9227ACC0-B6C5-4E24-B5FE-4A2FC25C9033}.Debug|x86.Deploy.0 = Debug|x86
		{9227ACC0-B6C5-4E24-B5FE-4A2FC25C9033}.Release|Any CPU.ActiveCfg = Release|Any CPU
		{9227ACC0-B6C5-4E24-B5FE-4A2FC25C9033}.Release|Any CPU.Build.0 = Release|Any CPU
		{9227ACC0-B6C5-4E24-B5FE-4A2FC25C9033}.Release|Any CPU.Deploy.0 = Release|Any CPU
		{9227ACC0-B6C5-4E24-B5FE-4A2FC25C9033}.Release|ARM.ActiveCfg = Release|ARM
		{9227ACC0-B6C5-4E24-B5FE-4A2FC25C9033}.Release|ARM.Build.0 = Release|ARM
		{9227ACC0-B6C5-4E24-B5FE-4A2FC25C9033}.Release|ARM.Deploy.0 = Release|ARM
		{9227ACC0-B6C5-4E24-B5FE-4A2FC25C9033}.Release|iPhone.ActiveCfg = Release|Any CPU
		{9227ACC0-B6C5-4E24-B5FE-4A2FC25C9033}.Release|iPhoneSimulator.ActiveCfg = Release|Any CPU
		{9227ACC0-B6C5-4E24-B5FE-4A2FC25C9033}.Release|Mixed Platforms.ActiveCfg = Release|x86
		{9227ACC0-B6C5-4E24-B5FE-4A2FC25C9033}.Release|Mixed Platforms.Build.0 = Release|x86
		{9227ACC0-B6C5-4E24-B5FE-4A2FC25C9033}.Release|Mixed Platforms.Deploy.0 = Release|x86
		{9227ACC0-B6C5-4E24-B5FE-4A2FC25C9033}.Release|x86.ActiveCfg = Release|x86
		{9227ACC0-B6C5-4E24-B5FE-4A2FC25C9033}.Release|x86.Build.0 = Release|x86
		{9227ACC0-B6C5-4E24-B5FE-4A2FC25C9033}.Release|x86.Deploy.0 = Release|x86
		{C2F46866-8FBE-45EA-8FE5-874F7128CBE4}.AppStore|Any CPU.ActiveCfg = Release|Any CPU
		{C2F46866-8FBE-45EA-8FE5-874F7128CBE4}.AppStore|Any CPU.Build.0 = Release|Any CPU
		{C2F46866-8FBE-45EA-8FE5-874F7128CBE4}.AppStore|ARM.ActiveCfg = Release|Any CPU
		{C2F46866-8FBE-45EA-8FE5-874F7128CBE4}.AppStore|iPhone.ActiveCfg = Release|Any CPU
		{C2F46866-8FBE-45EA-8FE5-874F7128CBE4}.AppStore|iPhone.Build.0 = Release|Any CPU
		{C2F46866-8FBE-45EA-8FE5-874F7128CBE4}.AppStore|iPhoneSimulator.ActiveCfg = Release|Any CPU
		{C2F46866-8FBE-45EA-8FE5-874F7128CBE4}.AppStore|iPhoneSimulator.Build.0 = Release|Any CPU
		{C2F46866-8FBE-45EA-8FE5-874F7128CBE4}.AppStore|Mixed Platforms.ActiveCfg = Release|Any CPU
		{C2F46866-8FBE-45EA-8FE5-874F7128CBE4}.AppStore|Mixed Platforms.Build.0 = Release|Any CPU
		{C2F46866-8FBE-45EA-8FE5-874F7128CBE4}.AppStore|x86.ActiveCfg = Release|Any CPU
		{C2F46866-8FBE-45EA-8FE5-874F7128CBE4}.Debug|Any CPU.ActiveCfg = Debug|Any CPU
		{C2F46866-8FBE-45EA-8FE5-874F7128CBE4}.Debug|Any CPU.Build.0 = Debug|Any CPU
		{C2F46866-8FBE-45EA-8FE5-874F7128CBE4}.Debug|ARM.ActiveCfg = Debug|Any CPU
		{C2F46866-8FBE-45EA-8FE5-874F7128CBE4}.Debug|iPhone.ActiveCfg = Debug|Any CPU
		{C2F46866-8FBE-45EA-8FE5-874F7128CBE4}.Debug|iPhone.Build.0 = Debug|Any CPU
		{C2F46866-8FBE-45EA-8FE5-874F7128CBE4}.Debug|iPhoneSimulator.ActiveCfg = Debug|Any CPU
		{C2F46866-8FBE-45EA-8FE5-874F7128CBE4}.Debug|iPhoneSimulator.Build.0 = Debug|Any CPU
		{C2F46866-8FBE-45EA-8FE5-874F7128CBE4}.Debug|Mixed Platforms.ActiveCfg = Debug|Any CPU
		{C2F46866-8FBE-45EA-8FE5-874F7128CBE4}.Debug|Mixed Platforms.Build.0 = Debug|Any CPU
		{C2F46866-8FBE-45EA-8FE5-874F7128CBE4}.Debug|x86.ActiveCfg = Debug|Any CPU
		{C2F46866-8FBE-45EA-8FE5-874F7128CBE4}.Release|Any CPU.ActiveCfg = Release|Any CPU
		{C2F46866-8FBE-45EA-8FE5-874F7128CBE4}.Release|Any CPU.Build.0 = Release|Any CPU
		{C2F46866-8FBE-45EA-8FE5-874F7128CBE4}.Release|ARM.ActiveCfg = Release|Any CPU
		{C2F46866-8FBE-45EA-8FE5-874F7128CBE4}.Release|iPhone.ActiveCfg = Release|Any CPU
		{C2F46866-8FBE-45EA-8FE5-874F7128CBE4}.Release|iPhone.Build.0 = Release|Any CPU
		{C2F46866-8FBE-45EA-8FE5-874F7128CBE4}.Release|iPhoneSimulator.ActiveCfg = Release|Any CPU
		{C2F46866-8FBE-45EA-8FE5-874F7128CBE4}.Release|iPhoneSimulator.Build.0 = Release|Any CPU
		{C2F46866-8FBE-45EA-8FE5-874F7128CBE4}.Release|Mixed Platforms.ActiveCfg = Release|Any CPU
		{C2F46866-8FBE-45EA-8FE5-874F7128CBE4}.Release|Mixed Platforms.Build.0 = Release|Any CPU
		{C2F46866-8FBE-45EA-8FE5-874F7128CBE4}.Release|x86.ActiveCfg = Release|Any CPU
	EndGlobalSection
	GlobalSection(SolutionProperties) = preSolution
		HideSolutionNode = FALSE
	EndGlobalSection
EndGlobal
